{
  "nodes": {
    "nixpkgs": {
      "locked": {
        "lastModified": 1758791193,
        "narHash": "sha256-F8WmEwFoHsnix7rt290R0rFXNJiMbClMZyIC/e+HYf0=",
        "owner": "nixos",
        "repo": "nixpkgs",
        "rev": "25e53aa156d47bad5082ff7618f5feb1f5e02d01",
        "type": "github"
      },
      "original": {
        "owner": "nixos",
        "ref": "nixos-25.05",
        "repo": "nixpkgs",
        "type": "github"
      }
    },
    "root": {
      "inputs": {
        "nixpkgs": "nixpkgs",
        "secrets": "secrets"
      }
    },
    "secrets": {
      "flake": false,
      "locked": {
        "lastModified": 1759114345,
        "narHash": "sha256-YvQQLfMTEXWEfPLb+w8rpCglhNvwNVWcFwSTs/Pz+CY=",
        "ref": "refs/heads/main",
        "rev": "4c162257fdb91f2781ceb6ea392acfd5d2f16762",
        "revCount": 6,
        "type": "git",
        "url": "ssh://git@github.com/jadc/homelab-secrets"
      },
      "original": {
        "type": "git",
        "url": "ssh://git@github.com/jadc/homelab-secrets"
      }
    }
  },
  "root": "root",
  "version": 7
}
