{
  "nodes": {
    "nixpkgs": {
      "locked": {
        "lastModified": 1778869304,
        "narHash": "sha256-30sZNZoA1cqF5JNO9fVX+wgiQYjB7HJqqJ4ztCDeBZE=",
        "owner": "nixos",
        "repo": "nixpkgs",
        "rev": "d233902339c02a9c334e7e593de68855ad26c4cb",
        "type": "github"
      },
      "original": {
        "owner": "nixos",
        "ref": "nixos-unstable",
        "repo": "nixpkgs",
        "type": "github"
      }
    },
    "root": {
      "inputs": {
        "nixpkgs": "nixpkgs",
        "secrets": "secrets"
      }
    },
    "secrets": {
      "flake": false,
      "locked": {
        "lastModified": 1779474420,
        "narHash": "sha256-5P1UGi9w8WmUOTPliMHCWT/2+bbNWccSHIsxT0FU67I=",
        "ref": "refs/heads/main",
        "rev": "1653a7a044a4be1330d37cf5d9bd3ff9866b479a",
        "revCount": 17,
        "type": "git",
        "url": "ssh://git@github.com/jadc/homelab-secrets"
      },
      "original": {
        "type": "git",
        "url": "ssh://git@github.com/jadc/homelab-secrets"
      }
    }
  },
  "root": "root",
  "version": 7
}
