{
  "nodes": {
    "nixpkgs": {
      "locked": {
        "lastModified": 1757020766,
        "narHash": "sha256-PLoSjHRa2bUbi1x9HoXgTx2AiuzNXs54c8omhadyvp0=",
        "owner": "nixos",
        "repo": "nixpkgs",
        "rev": "fe83bbdde2ccdc2cb9573aa846abe8363f79a97a",
        "type": "github"
      },
      "original": {
        "owner": "nixos",
        "ref": "nixos-25.05",
        "repo": "nixpkgs",
        "type": "github"
      }
    },
    "root": {
      "inputs": {
        "nixpkgs": "nixpkgs",
        "secrets": "secrets"
      }
    },
    "secrets": {
      "flake": false,
      "locked": {
        "lastModified": 1750723123,
        "narHash": "sha256-41v9JFU87+0Gw4FGtYSdvUm7TN2jEVJCA+jC187MTos=",
        "ref": "refs/heads/main",
        "rev": "e09f0b825156c3972fb34bec3fb7ab70e55fdca0",
        "revCount": 5,
        "type": "git",
        "url": "ssh://git@github.com/jadc/homelab-secrets"
      },
      "original": {
        "type": "git",
        "url": "ssh://git@github.com/jadc/homelab-secrets"
      }
    }
  },
  "root": "root",
  "version": 7
}
